
Microsoft Visual Studio Solution File, Format Version 11.00
# Visual Studio 2010
Project("{8BC9CEB8-8B4A-11D0-8D11-00A0C91BC942}") = "ProjectGui1", "ProjectGui1\ProjectGui1.vcxproj", "{F4665C65-808E-4257-BA73-6178FF3BE452}"
EndProject
Global
	GlobalSection(SolutionConfigurationPlatforms) = preSolution
		Debug|Win32 = Debug|Win32
		Release|Win32 = Release|Win32
	EndGlobalSection
	GlobalSection(ProjectConfigurationPlatforms) = postSolution
		{F4665C65-808E-4257-BA73-6178FF3BE452}.Debug|Win32.ActiveCfg = Debug|Win32
		{F4665C65-808E-4257-BA73-6178FF3BE452}.Debug|Win32.Build.0 = Debug|Win32
		{F4665C65-808E-4257-BA73-6178FF3BE452}.Release|Win32.ActiveCfg = Release|Win32
		{F4665C65-808E-4257-BA73-6178FF3BE452}.Release|Win32.Build.0 = Release|Win32
	EndGlobalSection
	GlobalSection(SolutionProperties) = preSolution
		HideSolutionNode = FALSE
	EndGlobalSection
EndGlobal
